
Microsoft Visual Studio Solution File, Format Version 12.00
# Visual Studio Version 16
VisualStudioVersion = 16.0.29326.143
MinimumVisualStudioVersion = 10.0.40219.1
Project("{FAE04EC0-301F-11D3-BF4B-00C04F79EFBC}") = "Fibbonaci", "Fibbonaci\Fibbonaci.csproj", "{95E5C6FC-2944-4021-8565-DB4FD721C3AD}"
EndProject
Global
	GlobalSection(SolutionConfigurationPlatforms) = preSolution
		Debug|Any CPU = Debug|Any CPU
		Release|Any CPU = Release|Any CPU
	EndGlobalSection
	GlobalSection(ProjectConfigurationPlatforms) = postSolution
		{95E5C6FC-2944-4021-8565-DB4FD721C3AD}.Debug|Any CPU.ActiveCfg = Debug|Any CPU
		{95E5C6FC-2944-4021-8565-DB4FD721C3AD}.Debug|Any CPU.Build.0 = Debug|Any CPU
		{95E5C6FC-2944-4021-8565-DB4FD721C3AD}.Release|Any CPU.ActiveCfg = Release|Any CPU
		{95E5C6FC-2944-4021-8565-DB4FD721C3AD}.Release|Any CPU.Build.0 = Release|Any CPU
	EndGlobalSection
	GlobalSection(SolutionProperties) = preSolution
		HideSolutionNode = FALSE
	EndGlobalSection
	GlobalSection(ExtensibilityGlobals) = postSolution
		SolutionGuid = {9C5098AC-0B3A-42A4-988B-1819C4EA6B8B}
	EndGlobalSection
EndGlobal
